
Microsoft Visual Studio Solution File, Format Version 12.00
# Visual Studio Version 17
VisualStudioVersion = 17.3.32804.467
MinimumVisualStudioVersion = 10.0.40219.1
Project("{FAE04EC0-301F-11D3-BF4B-00C04F79EFBC}") = "SignalRBasics", "SignalRBasics\SignalRBasics.csproj", "{8FD5A22A-7F20-4153-B4DC-60F9F8A953D2}"
EndProject
Project("{FAE04EC0-301F-11D3-BF4B-00C04F79EFBC}") = "SignalR_SqlTableDependency", "SignalR_SqlTableDependency\SignalR_SqlTableDependency.csproj", "{0E3EB880-23B8-4858-B529-A30EE45D9169}"
EndProject
Global
	GlobalSection(SolutionConfigurationPlatforms) = preSolution
		Debug|Any CPU = Debug|Any CPU
		Release|Any CPU = Release|Any CPU
	EndGlobalSection
	GlobalSection(ProjectConfigurationPlatforms) = postSolution
		{8FD5A22A-7F20-4153-B4DC-60F9F8A953D2}.Debug|Any CPU.ActiveCfg = Debug|Any CPU
		{8FD5A22A-7F20-4153-B4DC-60F9F8A953D2}.Debug|Any CPU.Build.0 = Debug|Any CPU
		{8FD5A22A-7F20-4153-B4DC-60F9F8A953D2}.Release|Any CPU.ActiveCfg = Release|Any CPU
		{8FD5A22A-7F20-4153-B4DC-60F9F8A953D2}.Release|Any CPU.Build.0 = Release|Any CPU
		{0E3EB880-23B8-4858-B529-A30EE45D9169}.Debug|Any CPU.ActiveCfg = Debug|Any CPU
		{0E3EB880-23B8-4858-B529-A30EE45D9169}.Debug|Any CPU.Build.0 = Debug|Any CPU
		{0E3EB880-23B8-4858-B529-A30EE45D9169}.Release|Any CPU.ActiveCfg = Release|Any CPU
		{0E3EB880-23B8-4858-B529-A30EE45D9169}.Release|Any CPU.Build.0 = Release|Any CPU
	EndGlobalSection
	GlobalSection(SolutionProperties) = preSolution
		HideSolutionNode = FALSE
	EndGlobalSection
	GlobalSection(ExtensibilityGlobals) = postSolution
		SolutionGuid = {EAD34261-8F5A-4C15-97D1-4CF796DFB798}
	EndGlobalSection
EndGlobal
